// !$*UTF8*$!
{
	archiveVersion = 1;
	classes = {
	};
	objectVersion = 50;
	objects = {

/* Begin PBXBuildFile section */
		FA3669DD264973390053B1AF /* GraphCapsule.swift in Sources */ = {isa = PBXBuildFile; fileRef = FA3669D9264973390053B1AF /* GraphCapsule.swift */; };
		FA3669DE264973390053B1AF /* HikeGraph.swift in Sources */ = {isa = PBXBuildFile; fileRef = FA3669DA264973390053B1AF /* HikeGraph.swift */; };
		FA3669DF264973390053B1AF /* HikeDetail.swift in Sources */ = {isa = PBXBuildFile; fileRef = FA3669DB264973390053B1AF /* HikeDetail.swift */; };
		FA3669E0264973390053B1AF /* HikeView.swift in Sources */ = {isa = PBXBuildFile; fileRef = FA3669DC264973390053B1AF /* HikeView.swift */; };
		FA509732264AC55000D94F4E /* CategoryHome.swift in Sources */ = {isa = PBXBuildFile; fileRef = FA509731264AC55000D94F4E /* CategoryHome.swift */; };
		FA509734264AD09D00D94F4E /* CategoryRow.swift in Sources */ = {isa = PBXBuildFile; fileRef = FA509733264AD09D00D94F4E /* CategoryRow.swift */; };
		FA509736264AD1E900D94F4E /* CategoryItem.swift in Sources */ = {isa = PBXBuildFile; fileRef = FA509735264AD1E900D94F4E /* CategoryItem.swift */; };
		FA509738264B134A00D94F4E /* Profile.swift in Sources */ = {isa = PBXBuildFile; fileRef = FA509737264B134A00D94F4E /* Profile.swift */; };
		FA50973B264B14A900D94F4E /* ProfileHost.swift in Sources */ = {isa = PBXBuildFile; fileRef = FA50973A264B14A900D94F4E /* ProfileHost.swift */; };
		FA50973E264B156E00D94F4E /* ProfileSummary.swift in Sources */ = {isa = PBXBuildFile; fileRef = FA50973D264B156E00D94F4E /* ProfileSummary.swift */; };
		FA509740264B172D00D94F4E /* HikeBadge.swift in Sources */ = {isa = PBXBuildFile; fileRef = FA50973F264B172D00D94F4E /* HikeBadge.swift */; };
		FA509742264B235400D94F4E /* ProfileEditor.swift in Sources */ = {isa = PBXBuildFile; fileRef = FA509741264B235400D94F4E /* ProfileEditor.swift */; };
		FA7D968526422D300070DD4F /* hikeData.json in Resources */ = {isa = PBXBuildFile; fileRef = FA7D968426422D300070DD4F /* hikeData.json */; };
		FA7D968726422DA90070DD4F /* Hike.swift in Sources */ = {isa = PBXBuildFile; fileRef = FA7D968626422DA90070DD4F /* Hike.swift */; };
		FA8A439C263C5EBD001B678B /* CircleImage.swift in Sources */ = {isa = PBXBuildFile; fileRef = FA8A439B263C5EBD001B678B /* CircleImage.swift */; };
		FA8A439E263C60D7001B678B /* MapView.swift in Sources */ = {isa = PBXBuildFile; fileRef = FA8A439D263C60D7001B678B /* MapView.swift */; };
		FA8A43A0263C6C39001B678B /* landmarkData.json in Resources */ = {isa = PBXBuildFile; fileRef = FA8A439F263C6C39001B678B /* landmarkData.json */; };
		FA8A43BC263C6D02001B678B /* Landmark.swift in Sources */ = {isa = PBXBuildFile; fileRef = FA8A43BB263C6D02001B678B /* Landmark.swift */; };
		FA8A43C0263C6F1F001B678B /* ModelData.swift in Sources */ = {isa = PBXBuildFile; fileRef = FA8A43BF263C6F1F001B678B /* ModelData.swift */; };
		FA8A43C2263C7128001B678B /* LandmarkRow.swift in Sources */ = {isa = PBXBuildFile; fileRef = FA8A43C1263C7128001B678B /* LandmarkRow.swift */; };
		FA8A43C4263C7535001B678B /* LandmarkList.swift in Sources */ = {isa = PBXBuildFile; fileRef = FA8A43C3263C7535001B678B /* LandmarkList.swift */; };
		FA8A43C6263C7703001B678B /* LandmarkDetail.swift in Sources */ = {isa = PBXBuildFile; fileRef = FA8A43C5263C7703001B678B /* LandmarkDetail.swift */; };
		FA8A43C8263C8F38001B678B /* FavoriteButton.swift in Sources */ = {isa = PBXBuildFile; fileRef = FA8A43C7263C8F38001B678B /* FavoriteButton.swift */; };
		FA8A43CC263C9716001B678B /* HexagonParameters.swift in Sources */ = {isa = PBXBuildFile; fileRef = FA8A43CB263C9716001B678B /* HexagonParameters.swift */; };
		FA8A43CE263DB021001B678B /* BadgeBackground.swift in Sources */ = {isa = PBXBuildFile; fileRef = FA8A43CD263DB021001B678B /* BadgeBackground.swift */; };
		FA8A43D0263DBED4001B678B /* BadgeSymbol.swift in Sources */ = {isa = PBXBuildFile; fileRef = FA8A43CF263DBED4001B678B /* BadgeSymbol.swift */; };
		FA8A43D2263DBF61001B678B /* RotatedBadgeSymbol.swift in Sources */ = {isa = PBXBuildFile; fileRef = FA8A43D1263DBF61001B678B /* RotatedBadgeSymbol.swift */; };
		FA8A43D4263DC00E001B678B /* Badge.swift in Sources */ = {isa = PBXBuildFile; fileRef = FA8A43D3263DC00E001B678B /* Badge.swift */; };
		FAC2955C263C5084001E6F77 /* LandmarksApp.swift in Sources */ = {isa = PBXBuildFile; fileRef = FAC2955B263C5084001E6F77 /* LandmarksApp.swift */; };
		FAC2955E263C5084001E6F77 /* ContentView.swift in Sources */ = {isa = PBXBuildFile; fileRef = FAC2955D263C5084001E6F77 /* ContentView.swift */; };
		FAC29560263C5086001E6F77 /* Assets.xcassets in Resources */ = {isa = PBXBuildFile; fileRef = FAC2955F263C5086001E6F77 /* Assets.xcassets */; };
		FAC29563263C5086001E6F77 /* Preview Assets.xcassets in Resources */ = {isa = PBXBuildFile; fileRef = FAC29562263C5086001E6F77 /* Preview Assets.xcassets */; };
/* End PBXBuildFile section */

/* Begin PBXFileReference section */
		FA3669D9264973390053B1AF /* GraphCapsule.swift */ = {isa = PBXFileReference; fileEncoding = 4; lastKnownFileType = sourcecode.swift; path = GraphCapsule.swift; sourceTree = "<group>"; };
		FA3669DA264973390053B1AF /* HikeGraph.swift */ = {isa = PBXFileReference; fileEncoding = 4; lastKnownFileType = sourcecode.swift; path = HikeGraph.swift; sourceTree = "<group>"; };
		FA3669DB264973390053B1AF /* HikeDetail.swift */ = {isa = PBXFileReference; fileEncoding = 4; lastKnownFileType = sourcecode.swift; path = HikeDetail.swift; sourceTree = "<group>"; };
		FA3669DC264973390053B1AF /* HikeView.swift */ = {isa = PBXFileReference; fileEncoding = 4; lastKnownFileType = sourcecode.swift; path = HikeView.swift; sourceTree = "<group>"; };
		FA509731264AC55000D94F4E /* CategoryHome.swift */ = {isa = PBXFileReference; lastKnownFileType = sourcecode.swift; path = CategoryHome.swift; sourceTree = "<group>"; };
		FA509733264AD09D00D94F4E /* CategoryRow.swift */ = {isa = PBXFileReference; lastKnownFileType = sourcecode.swift; path = CategoryRow.swift; sourceTree = "<group>"; };
		FA509735264AD1E900D94F4E /* CategoryItem.swift */ = {isa = PBXFileReference; lastKnownFileType = sourcecode.swift; path = CategoryItem.swift; sourceTree = "<group>"; };
		FA509737264B134A00D94F4E /* Profile.swift */ = {isa = PBXFileReference; lastKnownFileType = sourcecode.swift; path = Profile.swift; sourceTree = "<group>"; };
		FA50973A264B14A900D94F4E /* ProfileHost.swift */ = {isa = PBXFileReference; lastKnownFileType = sourcecode.swift; path = ProfileHost.swift; sourceTree = "<group>"; };
		FA50973D264B156E00D94F4E /* ProfileSummary.swift */ = {isa = PBXFileReference; lastKnownFileType = sourcecode.swift; path = ProfileSummary.swift; sourceTree = "<group>"; };
		FA50973F264B172D00D94F4E /* HikeBadge.swift */ = {isa = PBXFileReference; lastKnownFileType = sourcecode.swift; path = HikeBadge.swift; sourceTree = "<group>"; };
		FA509741264B235400D94F4E /* ProfileEditor.swift */ = {isa = PBXFileReference; lastKnownFileType = sourcecode.swift; path = ProfileEditor.swift; sourceTree = "<group>"; };
		FA7D968426422D300070DD4F /* hikeData.json */ = {isa = PBXFileReference; fileEncoding = 4; lastKnownFileType = text.json; path = hikeData.json; sourceTree = "<group>"; };
		FA7D968626422DA90070DD4F /* Hike.swift */ = {isa = PBXFileReference; lastKnownFileType = sourcecode.swift; path = Hike.swift; sourceTree = "<group>"; };
		FA8A439B263C5EBD001B678B /* CircleImage.swift */ = {isa = PBXFileReference; lastKnownFileType = sourcecode.swift; path = CircleImage.swift; sourceTree = "<group>"; };
		FA8A439D263C60D7001B678B /* MapView.swift */ = {isa = PBXFileReference; lastKnownFileType = sourcecode.swift; path = MapView.swift; sourceTree = "<group>"; };
		FA8A439F263C6C39001B678B /* landmarkData.json */ = {isa = PBXFileReference; fileEncoding = 4; lastKnownFileType = text.json; path = landmarkData.json; sourceTree = "<group>"; };
		FA8A43BB263C6D02001B678B /* Landmark.swift */ = {isa = PBXFileReference; lastKnownFileType = sourcecode.swift; path = Landmark.swift; sourceTree = "<group>"; };
		FA8A43BF263C6F1F001B678B /* ModelData.swift */ = {isa = PBXFileReference; lastKnownFileType = sourcecode.swift; path = ModelData.swift; sourceTree = "<group>"; };
		FA8A43C1263C7128001B678B /* LandmarkRow.swift */ = {isa = PBXFileReference; lastKnownFileType = sourcecode.swift; path = LandmarkRow.swift; sourceTree = "<group>"; };
		FA8A43C3263C7535001B678B /* LandmarkList.swift */ = {isa = PBXFileReference; lastKnownFileType = sourcecode.swift; path = LandmarkList.swift; sourceTree = "<group>"; };
		FA8A43C5263C7703001B678B /* LandmarkDetail.swift */ = {isa = PBXFileReference; lastKnownFileType = sourcecode.swift; path = LandmarkDetail.swift; sourceTree = "<group>"; };
		FA8A43C7263C8F38001B678B /* FavoriteButton.swift */ = {isa = PBXFileReference; lastKnownFileType = sourcecode.swift; path = FavoriteButton.swift; sourceTree = "<group>"; };
		FA8A43CB263C9716001B678B /* HexagonParameters.swift */ = {isa = PBXFileReference; lastKnownFileType = sourcecode.swift; path = HexagonParameters.swift; sourceTree = "<group>"; };
		FA8A43CD263DB021001B678B /* BadgeBackground.swift */ = {isa = PBXFileReference; lastKnownFileType = sourcecode.swift; path = BadgeBackground.swift; sourceTree = "<group>"; };
		FA8A43CF263DBED4001B678B /* BadgeSymbol.swift */ = {isa = PBXFileReference; lastKnownFileType = sourcecode.swift; path = BadgeSymbol.swift; sourceTree = "<group>"; };
		FA8A43D1263DBF61001B678B /* RotatedBadgeSymbol.swift */ = {isa = PBXFileReference; lastKnownFileType = sourcecode.swift; path = RotatedBadgeSymbol.swift; sourceTree = "<group>"; };
		FA8A43D3263DC00E001B678B /* Badge.swift */ = {isa = PBXFileReference; lastKnownFileType = sourcecode.swift; path = Badge.swift; sourceTree = "<group>"; };
		FAC29558263C5084001E6F77 /* Landmarks.app */ = {isa = PBXFileReference; explicitFileType = wrapper.application; includeInIndex = 0; path = Landmarks.app; sourceTree = BUILT_PRODUCTS_DIR; };
		FAC2955B263C5084001E6F77 /* LandmarksApp.swift */ = {isa = PBXFileReference; lastKnownFileType = sourcecode.swift; path = LandmarksApp.swift; sourceTree = "<group>"; };
		FAC2955D263C5084001E6F77 /* ContentView.swift */ = {isa = PBXFileReference; lastKnownFileType = sourcecode.swift; path = ContentView.swift; sourceTree = "<group>"; };
		FAC2955F263C5086001E6F77 /* Assets.xcassets */ = {isa = PBXFileReference; lastKnownFileType = folder.assetcatalog; path = Assets.xcassets; sourceTree = "<group>"; };
		FAC29562263C5086001E6F77 /* Preview Assets.xcassets */ = {isa = PBXFileReference; lastKnownFileType = folder.assetcatalog; path = "Preview Assets.xcassets"; sourceTree = "<group>"; };
		FAC29564263C5086001E6F77 /* Info.plist */ = {isa = PBXFileReference; lastKnownFileType = text.plist.xml; path = Info.plist; sourceTree = "<group>"; };
/* End PBXFileReference section */

/* Begin PBXFrameworksBuildPhase section */
		FAC29555263C5084001E6F77 /* Frameworks */ = {
			isa = PBXFrameworksBuildPhase;
			buildActionMask = 2147483647;
			files = (
			);
			runOnlyForDeploymentPostprocessing = 0;
		};
/* End PBXFrameworksBuildPhase section */

/* Begin PBXGroup section */
		FA3669D8264973390053B1AF /* Hikes */ = {
			isa = PBXGroup;
			children = (
				FA3669D9264973390053B1AF /* GraphCapsule.swift */,
				FA3669DA264973390053B1AF /* HikeGraph.swift */,
				FA3669DB264973390053B1AF /* HikeDetail.swift */,
				FA3669DC264973390053B1AF /* HikeView.swift */,
				FA50973F264B172D00D94F4E /* HikeBadge.swift */,
			);
			path = Hikes;
			sourceTree = "<group>";
		};
		FA509730264AC52B00D94F4E /* Categories */ = {
			isa = PBXGroup;
			children = (
				FA509731264AC55000D94F4E /* CategoryHome.swift */,
				FA509733264AD09D00D94F4E /* CategoryRow.swift */,
				FA509735264AD1E900D94F4E /* CategoryItem.swift */,
			);
			path = Categories;
			sourceTree = "<group>";
		};
		FA509739264B13DB00D94F4E /* Profiles */ = {
			isa = PBXGroup;
			children = (
				FA50973A264B14A900D94F4E /* ProfileHost.swift */,
				FA50973D264B156E00D94F4E /* ProfileSummary.swift */,
				FA509741264B235400D94F4E /* ProfileEditor.swift */,
			);
			path = Profiles;
			sourceTree = "<group>";
		};
		FA8A43A1263C6C7D001B678B /* Resources */ = {
			isa = PBXGroup;
			children = (
				FA7D968426422D300070DD4F /* hikeData.json */,
				FA8A439F263C6C39001B678B /* landmarkData.json */,
			);
			path = Resources;
			sourceTree = "<group>";
		};
		FA8A43BD263C6EDB001B678B /* Models */ = {
			isa = PBXGroup;
			children = (
				FA8A43BB263C6D02001B678B /* Landmark.swift */,
				FA8A43BF263C6F1F001B678B /* ModelData.swift */,
				FA7D968626422DA90070DD4F /* Hike.swift */,
				FA509737264B134A00D94F4E /* Profile.swift */,
			);
			path = Models;
			sourceTree = "<group>";
		};
		FA8A43BE263C6EED001B678B /* Views */ = {
			isa = PBXGroup;
			children = (
				FA509739264B13DB00D94F4E /* Profiles */,
				FA509730264AC52B00D94F4E /* Categories */,
				FA3669D8264973390053B1AF /* Hikes */,
				FA8A43D5263DC07B001B678B /* Badges */,
				FA8A43CA263C9164001B678B /* Helpers */,
				FA8A43C9263C9157001B678B /* Landmarks */,
				FAC2955D263C5084001E6F77 /* ContentView.swift */,
			);
			path = Views;
			sourceTree = "<group>";
		};
		FA8A43C9263C9157001B678B /* Landmarks */ = {
			isa = PBXGroup;
			children = (
				FA8A43C1263C7128001B678B /* LandmarkRow.swift */,
				FA8A43C3263C7535001B678B /* LandmarkList.swift */,
				FA8A43C5263C7703001B678B /* LandmarkDetail.swift */,
			);
			path = Landmarks;
			sourceTree = "<group>";
		};
		FA8A43CA263C9164001B678B /* Helpers */ = {
			isa = PBXGroup;
			children = (
				FA8A439B263C5EBD001B678B /* CircleImage.swift */,
				FA8A439D263C60D7001B678B /* MapView.swift */,
				FA8A43C7263C8F38001B678B /* FavoriteButton.swift */,
			);
			path = Helpers;
			sourceTree = "<group>";
		};
		FA8A43D5263DC07B001B678B /* Badges */ = {
			isa = PBXGroup;
			children = (
				FA8A43CB263C9716001B678B /* HexagonParameters.swift */,
				FA8A43CD263DB021001B678B /* BadgeBackground.swift */,
				FA8A43CF263DBED4001B678B /* BadgeSymbol.swift */,
				FA8A43D1263DBF61001B678B /* RotatedBadgeSymbol.swift */,
				FA8A43D3263DC00E001B678B /* Badge.swift */,
			);
			path = Badges;
			sourceTree = "<group>";
		};
		FAC2954F263C5084001E6F77 = {
			isa = PBXGroup;
			children = (
				FAC2955A263C5084001E6F77 /* Landmarks */,
				FAC29559263C5084001E6F77 /* Products */,
			);
			sourceTree = "<group>";
		};
		FAC29559263C5084001E6F77 /* Products */ = {
			isa = PBXGroup;
			children = (
				FAC29558263C5084001E6F77 /* Landmarks.app */,
			);
			name = Products;
			sourceTree = "<group>";
		};
		FAC2955A263C5084001E6F77 /* Landmarks */ = {
			isa = PBXGroup;
			children = (
				FA8A43BE263C6EED001B678B /* Views */,
				FA8A43BD263C6EDB001B678B /* Models */,
				FA8A43A1263C6C7D001B678B /* Resources */,
				FAC2955B263C5084001E6F77 /* LandmarksApp.swift */,
				FAC2955F263C5086001E6F77 /* Assets.xcassets */,
				FAC29564263C5086001E6F77 /* Info.plist */,
				FAC29561263C5086001E6F77 /* Preview Content */,
			);
			path = Landmarks;
			sourceTree = "<group>";
		};
		FAC29561263C5086001E6F77 /* Preview Content */ = {
			isa = PBXGroup;
			children = (
				FAC29562263C5086001E6F77 /* Preview Assets.xcassets */,
			);
			path = "Preview Content";
			sourceTree = "<group>";
		};
/* End PBXGroup section */

/* Begin PBXNativeTarget section */
		FAC29557263C5084001E6F77 /* Landmarks */ = {
			isa = PBXNativeTarget;
			buildConfigurationList = FAC29567263C5086001E6F77 /* Build configuration list for PBXNativeTarget "Landmarks" */;
			buildPhases = (
				FAC29554263C5084001E6F77 /* Sources */,
				FAC29555263C5084001E6F77 /* Frameworks */,
				FAC29556263C5084001E6F77 /* Resources */,
			);
			buildRules = (
			);
			dependencies = (
			);
			name = Landmarks;
			productName = Landmarks;
			productReference = FAC29558263C5084001E6F77 /* Landmarks.app */;
			productType = "com.apple.product-type.application";
		};
/* End PBXNativeTarget section */

/* Begin PBXProject section */
		FAC29550263C5084001E6F77 /* Project object */ = {
			isa = PBXProject;
			attributes = {
				LastSwiftUpdateCheck = 1250;
				LastUpgradeCheck = 1250;
				TargetAttributes = {
					FAC29557263C5084001E6F77 = {
						CreatedOnToolsVersion = 12.5;
					};
				};
			};
			buildConfigurationList = FAC29553263C5084001E6F77 /* Build configuration list for PBXProject "Landmarks" */;
			compatibilityVersion = "Xcode 9.3";
			developmentRegion = en;
			hasScannedForEncodings = 0;
			knownRegions = (
				en,
				Base,
			);
			mainGroup = FAC2954F263C5084001E6F77;
			productRefGroup = FAC29559263C5084001E6F77 /* Products */;
			projectDirPath = "";
			projectRoot = "";
			targets = (
				FAC29557263C5084001E6F77 /* Landmarks */,
			);
		};
/* End PBXProject section */

/* Begin PBXResourcesBuildPhase section */
		FAC29556263C5084001E6F77 /* Resources */ = {
			isa = PBXResourcesBuildPhase;
			buildActionMask = 2147483647;
			files = (
				FA7D968526422D300070DD4F /* hikeData.json in Resources */,
				FAC29563263C5086001E6F77 /* Preview Assets.xcassets in Resources */,
				FAC29560263C5086001E6F77 /* Assets.xcassets in Resources */,
				FA8A43A0263C6C39001B678B /* landmarkData.json in Resources */,
			);
			runOnlyForDeploymentPostprocessing = 0;
		};
/* End PBXResourcesBuildPhase section */

/* Begin PBXSourcesBuildPhase section */
		FAC29554263C5084001E6F77 /* Sources */ = {
			isa = PBXSourcesBuildPhase;
			buildActionMask = 2147483647;
			files = (
				FA509734264AD09D00D94F4E /* CategoryRow.swift in Sources */,
				FA509738264B134A00D94F4E /* Profile.swift in Sources */,
				FAC2955E263C5084001E6F77 /* ContentView.swift in Sources */,
				FA509732264AC55000D94F4E /* CategoryHome.swift in Sources */,
				FA3669DE264973390053B1AF /* HikeGraph.swift in Sources */,
				FA8A43D4263DC00E001B678B /* Badge.swift in Sources */,
				FA8A439E263C60D7001B678B /* MapView.swift in Sources */,
				FA3669DD264973390053B1AF /* GraphCapsule.swift in Sources */,
				FA8A43C6263C7703001B678B /* LandmarkDetail.swift in Sources */,
				FA8A43C8263C8F38001B678B /* FavoriteButton.swift in Sources */,
				FA509736264AD1E900D94F4E /* CategoryItem.swift in Sources */,
				FA3669DF264973390053B1AF /* HikeDetail.swift in Sources */,
				FA50973E264B156E00D94F4E /* ProfileSummary.swift in Sources */,
				FA8A43CC263C9716001B678B /* HexagonParameters.swift in Sources */,
				FA50973B264B14A900D94F4E /* ProfileHost.swift in Sources */,
				FA7D968726422DA90070DD4F /* Hike.swift in Sources */,
				FA8A43D2263DBF61001B678B /* RotatedBadgeSymbol.swift in Sources */,
				FA8A43D0263DBED4001B678B /* BadgeSymbol.swift in Sources */,
				FA509742264B235400D94F4E /* ProfileEditor.swift in Sources */,
				FAC2955C263C5084001E6F77 /* LandmarksApp.swift in Sources */,
				FA3669E0264973390053B1AF /* HikeView.swift in Sources */,
				FA8A43C4263C7535001B678B /* LandmarkList.swift in Sources */,
				FA8A43CE263DB021001B678B /* BadgeBackground.swift in Sources */,
				FA509740264B172D00D94F4E /* HikeBadge.swift in Sources */,
				FA8A439C263C5EBD001B678B /* CircleImage.swift in Sources */,
				FA8A43BC263C6D02001B678B /* Landmark.swift in Sources */,
				FA8A43C2263C7128001B678B /* LandmarkRow.swift in Sources */,
				FA8A43C0263C6F1F001B678B /* ModelData.swift in Sources */,
			);
			runOnlyForDeploymentPostprocessing = 0;
		};
/* End PBXSourcesBuildPhase section */

/* Begin XCBuildConfiguration section */
		FAC29565263C5086001E6F77 /* Debug */ = {
			isa = XCBuildConfiguration;
			buildSettings = {
				ALWAYS_SEARCH_USER_PATHS = NO;
				CLANG_ANALYZER_NONNULL = YES;
				CLANG_ANALYZER_NUMBER_OBJECT_CONVERSION = YES_AGGRESSIVE;
				CLANG_CXX_LANGUAGE_STANDARD = "gnu++14";
				CLANG_CXX_LIBRARY = "libc++";
				CLANG_ENABLE_MODULES = YES;
				CLANG_ENABLE_OBJC_ARC = YES;
				CLANG_ENABLE_OBJC_WEAK = YES;
				CLANG_WARN_BLOCK_CAPTURE_AUTORELEASING = YES;
				CLANG_WARN_BOOL_CONVERSION = YES;
				CLANG_WARN_COMMA = YES;
				CLANG_WARN_CONSTANT_CONVERSION = YES;
				CLANG_WARN_DEPRECATED_OBJC_IMPLEMENTATIONS = YES;
				CLANG_WARN_DIRECT_OBJC_ISA_USAGE = YES_ERROR;
				CLANG_WARN_DOCUMENTATION_COMMENTS = YES;
				CLANG_WARN_EMPTY_BODY = YES;
				CLANG_WARN_ENUM_CONVERSION = YES;
				CLANG_WARN_INFINITE_RECURSION = YES;
				CLANG_WARN_INT_CONVERSION = YES;
				CLANG_WARN_NON_LITERAL_NULL_CONVERSION = YES;
				CLANG_WARN_OBJC_IMPLICIT_RETAIN_SELF = YES;
				CLANG_WARN_OBJC_LITERAL_CONVERSION = YES;
				CLANG_WARN_OBJC_ROOT_CLASS = YES_ERROR;
				CLANG_WARN_QUOTED_INCLUDE_IN_FRAMEWORK_HEADER = YES;
				CLANG_WARN_RANGE_LOOP_ANALYSIS = YES;
				CLANG_WARN_STRICT_PROTOTYPES = YES;
				CLANG_WARN_SUSPICIOUS_MOVE = YES;
				CLANG_WARN_UNGUARDED_AVAILABILITY = YES_AGGRESSIVE;
				CLANG_WARN_UNREACHABLE_CODE = YES;
				CLANG_WARN__DUPLICATE_METHOD_MATCH = YES;
				COPY_PHASE_STRIP = NO;
				DEBUG_INFORMATION_FORMAT = dwarf;
				ENABLE_STRICT_OBJC_MSGSEND = YES;
				ENABLE_TESTABILITY = YES;
				GCC_C_LANGUAGE_STANDARD = gnu11;
				GCC_DYNAMIC_NO_PIC = NO;
				GCC_NO_COMMON_BLOCKS = YES;
				GCC_OPTIMIZATION_LEVEL = 0;
				GCC_PREPROCESSOR_DEFINITIONS = (
					"DEBUG=1",
					"$(inherited)",
				);
				GCC_WARN_64_TO_32_BIT_CONVERSION = YES;
				GCC_WARN_ABOUT_RETURN_TYPE = YES_ERROR;
				GCC_WARN_UNDECLARED_SELECTOR = YES;
				GCC_WARN_UNINITIALIZED_AUTOS = YES_AGGRESSIVE;
				GCC_WARN_UNUSED_FUNCTION = YES;
				GCC_WARN_UNUSED_VARIABLE = YES;
				IPHONEOS_DEPLOYMENT_TARGET = 14.5;
				MTL_ENABLE_DEBUG_INFO = INCLUDE_SOURCE;
				MTL_FAST_MATH = YES;
				ONLY_ACTIVE_ARCH = YES;
				SDKROOT = iphoneos;
				SWIFT_ACTIVE_COMPILATION_CONDITIONS = DEBUG;
				SWIFT_OPTIMIZATION_LEVEL = "-Onone";
			};
			name = Debug;
		};
		FAC29566263C5086001E6F77 /* Release */ = {
			isa = XCBuildConfiguration;
			buildSettings = {
				ALWAYS_SEARCH_USER_PATHS = NO;
				CLANG_ANALYZER_NONNULL = YES;
				CLANG_ANALYZER_NUMBER_OBJECT_CONVERSION = YES_AGGRESSIVE;
				CLANG_CXX_LANGUAGE_STANDARD = "gnu++14";
				CLANG_CXX_LIBRARY = "libc++";
				CLANG_ENABLE_MODULES = YES;
				CLANG_ENABLE_OBJC_ARC = YES;
				CLANG_ENABLE_OBJC_WEAK = YES;
				CLANG_WARN_BLOCK_CAPTURE_AUTORELEASING = YES;
				CLANG_WARN_BOOL_CONVERSION = YES;
				CLANG_WARN_COMMA = YES;
				CLANG_WARN_CONSTANT_CONVERSION = YES;
				CLANG_WARN_DEPRECATED_OBJC_IMPLEMENTATIONS = YES;
				CLANG_WARN_DIRECT_OBJC_ISA_USAGE = YES_ERROR;
				CLANG_WARN_DOCUMENTATION_COMMENTS = YES;
				CLANG_WARN_EMPTY_BODY = YES;
				CLANG_WARN_ENUM_CONVERSION = YES;
				CLANG_WARN_INFINITE_RECURSION = YES;
				CLANG_WARN_INT_CONVERSION = YES;
				CLANG_WARN_NON_LITERAL_NULL_CONVERSION = YES;
				CLANG_WARN_OBJC_IMPLICIT_RETAIN_SELF = YES;
				CLANG_WARN_OBJC_LITERAL_CONVERSION = YES;
				CLANG_WARN_OBJC_ROOT_CLASS = YES_ERROR;
				CLANG_WARN_QUOTED_INCLUDE_IN_FRAMEWORK_HEADER = YES;
				CLANG_WARN_RANGE_LOOP_ANALYSIS = YES;
				CLANG_WARN_STRICT_PROTOTYPES = YES;
				CLANG_WARN_SUSPICIOUS_MOVE = YES;
				CLANG_WARN_UNGUARDED_AVAILABILITY = YES_AGGRESSIVE;
				CLANG_WARN_UNREACHABLE_CODE = YES;
				CLANG_WARN__DUPLICATE_METHOD_MATCH = YES;
				COPY_PHASE_STRIP = NO;
				DEBUG_INFORMATION_FORMAT = "dwarf-with-dsym";
				ENABLE_NS_ASSERTIONS = NO;
				ENABLE_STRICT_OBJC_MSGSEND = YES;
				GCC_C_LANGUAGE_STANDARD = gnu11;
				GCC_NO_COMMON_BLOCKS = YES;
				GCC_WARN_64_TO_32_BIT_CONVERSION = YES;
				GCC_WARN_ABOUT_RETURN_TYPE = YES_ERROR;
				GCC_WARN_UNDECLARED_SELECTOR = YES;
				GCC_WARN_UNINITIALIZED_AUTOS = YES_AGGRESSIVE;
				GCC_WARN_UNUSED_FUNCTION = YES;
				GCC_WARN_UNUSED_VARIABLE = YES;
				IPHONEOS_DEPLOYMENT_TARGET = 14.5;
				MTL_ENABLE_DEBUG_INFO = NO;
				MTL_FAST_MATH = YES;
				SDKROOT = iphoneos;
				SWIFT_COMPILATION_MODE = wholemodule;
				SWIFT_OPTIMIZATION_LEVEL = "-O";
				VALIDATE_PRODUCT = YES;
			};
			name = Release;
		};
		FAC29568263C5086001E6F77 /* Debug */ = {
			isa = XCBuildConfiguration;
			buildSettings = {
				ASSETCATALOG_COMPILER_APPICON_NAME = AppIcon;
				ASSETCATALOG_COMPILER_GLOBAL_ACCENT_COLOR_NAME = AccentColor;
				CODE_SIGN_STYLE = Automatic;
				DEVELOPMENT_ASSET_PATHS = "\"Landmarks/Preview Content\"";
				DEVELOPMENT_TEAM = V885G793SP;
				ENABLE_PREVIEWS = YES;
				INFOPLIST_FILE = Landmarks/Info.plist;
				IPHONEOS_DEPLOYMENT_TARGET = 14.0;
				LD_RUNPATH_SEARCH_PATHS = (
					"$(inherited)",
					"@executable_path/Frameworks",
				);
				PRODUCT_BUNDLE_IDENTIFIER = dev.xstar.Landmarks;
				PRODUCT_NAME = "$(TARGET_NAME)";
				SWIFT_VERSION = 5.0;
				TARGETED_DEVICE_FAMILY = "1,2";
			};
			name = Debug;
		};
		FAC29569263C5086001E6F77 /* Release */ = {
			isa = XCBuildConfiguration;
			buildSettings = {
				ASSETCATALOG_COMPILER_APPICON_NAME = AppIcon;
				ASSETCATALOG_COMPILER_GLOBAL_ACCENT_COLOR_NAME = AccentColor;
				CODE_SIGN_STYLE = Automatic;
				DEVELOPMENT_ASSET_PATHS = "\"Landmarks/Preview Content\"";
				DEVELOPMENT_TEAM = V885G793SP;
				ENABLE_PREVIEWS = YES;
				INFOPLIST_FILE = Landmarks/Info.plist;
				IPHONEOS_DEPLOYMENT_TARGET = 14.0;
				LD_RUNPATH_SEARCH_PATHS = (
					"$(inherited)",
					"@executable_path/Frameworks",
				);
				PRODUCT_BUNDLE_IDENTIFIER = dev.xstar.Landmarks;
				PRODUCT_NAME = "$(TARGET_NAME)";
				SWIFT_VERSION = 5.0;
				TARGETED_DEVICE_FAMILY = "1,2";
			};
			name = Release;
		};
/* End XCBuildConfiguration section */

/* Begin XCConfigurationList section */
		FAC29553263C5084001E6F77 /* Build configuration list for PBXProject "Landmarks" */ = {
			isa = XCConfigurationList;
			buildConfigurations = (
				FAC29565263C5086001E6F77 /* Debug */,
				FAC29566263C5086001E6F77 /* Release */,
			);
			defaultConfigurationIsVisible = 0;
			defaultConfigurationName = Release;
		};
		FAC29567263C5086001E6F77 /* Build configuration list for PBXNativeTarget "Landmarks" */ = {
			isa = XCConfigurationList;
			buildConfigurations = (
				FAC29568263C5086001E6F77 /* Debug */,
				FAC29569263C5086001E6F77 /* Release */,
			);
			defaultConfigurationIsVisible = 0;
			defaultConfigurationName = Release;
		};
/* End XCConfigurationList section */
	};
	rootObject = FAC29550263C5084001E6F77 /* Project object */;
}
